
Microsoft Visual Studio Solution File, Format Version 12.00
# Visual Studio Version 17
VisualStudioVersion = 17.9.34511.98
MinimumVisualStudioVersion = 10.0.40219.1
EndProject
Global
	GlobalSection(SolutionConfigurationPlatforms) = preSolution
		Debug|Any CPU = Debug|Any CPU
		Release|Any CPU = Release|Any CPU
	EndGlobalSection
	GlobalSection(ProjectConfigurationPlatforms) = postSolution
		{3FD15BF8-661C-4503-8E6E-36A724A5914E}.Debug|Any CPU.ActiveCfg = Debug|Any CPU
		{3FD15BF8-661C-4503-8E6E-36A724A5914E}.Debug|Any CPU.Build.0 = Debug|Any CPU
		{3FD15BF8-661C-4503-8E6E-36A724A5914E}.Release|Any CPU.ActiveCfg = Release|Any CPU
		{3FD15BF8-661C-4503-8E6E-36A724A5914E}.Release|Any CPU.Build.0 = Release|Any CPU
	EndGlobalSection
	GlobalSection(SolutionProperties) = preSolution
		HideSolutionNode = FALSE
	EndGlobalSection
	GlobalSection(ExtensibilityGlobals) = postSolution
		SolutionGuid = {CD960CEB-32C2-4836-ADB6-476024E3498D}
	EndGlobalSection
EndGlobal
